
Microsoft Visual Studio Solution File, Format Version 12.00
# Visual Studio Version 17
VisualStudioVersion = 17.0.32002.185
MinimumVisualStudioVersion = 10.0.40219.1
Project("{FAE04EC0-301F-11D3-BF4B-00C04F79EFBC}") = "chess", "chess\chess.csproj", "{55B2A9C9-724E-498C-9ABB-05D95F91ED12}"
EndProject
Global
	GlobalSection(SolutionConfigurationPlatforms) = preSolution
		Debug|Any CPU = Debug|Any CPU
		Release|Any CPU = Release|Any CPU
	EndGlobalSection
	GlobalSection(ProjectConfigurationPlatforms) = postSolution
		{55B2A9C9-724E-498C-9ABB-05D95F91ED12}.Debug|Any CPU.ActiveCfg = Debug|Any CPU
		{55B2A9C9-724E-498C-9ABB-05D95F91ED12}.Debug|Any CPU.Build.0 = Debug|Any CPU
		{55B2A9C9-724E-498C-9ABB-05D95F91ED12}.Release|Any CPU.ActiveCfg = Release|Any CPU
		{55B2A9C9-724E-498C-9ABB-05D95F91ED12}.Release|Any CPU.Build.0 = Release|Any CPU
	EndGlobalSection
	GlobalSection(SolutionProperties) = preSolution
		HideSolutionNode = FALSE
	EndGlobalSection
	GlobalSection(ExtensibilityGlobals) = postSolution
		SolutionGuid = {E71F2194-D38D-4F0E-B16E-80E0509F2AEB}
	EndGlobalSection
EndGlobal
